
Microsoft Visual Studio Solution File, Format Version 12.00
# Visual Studio Version 17
VisualStudioVersion = 17.0.31903.59
MinimumVisualStudioVersion = 10.0.40219.1
Project("{FAE04EC0-301F-11D3-BF4B-00C04F79EFBC}") = "InnowiseEntryTask.Data", "InnowiseEntryTask.Data\InnowiseEntryTask.Data.csproj", "{39EB516B-02AE-4717-9A46-FD761D6F81F9}"
EndProject
Project("{FAE04EC0-301F-11D3-BF4B-00C04F79EFBC}") = "InnowiseEntryTask.WebApi", "InnowiseEntryTask.WebApi\InnowiseEntryTask.WebApi.csproj", "{5FB46E87-0736-4169-9FCA-7B08F35380B7}"
EndProject
Project("{FAE04EC0-301F-11D3-BF4B-00C04F79EFBC}") = "InnowiseEntryTask.Services", "InnowiseEntryTask.Services\InnowiseEntryTask.Services.csproj", "{19437168-5A55-45D4-A07B-0E93944196DF}"
EndProject
Global
	GlobalSection(SolutionConfigurationPlatforms) = preSolution
		Debug|Any CPU = Debug|Any CPU
		Release|Any CPU = Release|Any CPU
	EndGlobalSection
	GlobalSection(SolutionProperties) = preSolution
		HideSolutionNode = FALSE
	EndGlobalSection
	GlobalSection(ProjectConfigurationPlatforms) = postSolution
		{39EB516B-02AE-4717-9A46-FD761D6F81F9}.Debug|Any CPU.ActiveCfg = Debug|Any CPU
		{39EB516B-02AE-4717-9A46-FD761D6F81F9}.Debug|Any CPU.Build.0 = Debug|Any CPU
		{39EB516B-02AE-4717-9A46-FD761D6F81F9}.Release|Any CPU.ActiveCfg = Release|Any CPU
		{39EB516B-02AE-4717-9A46-FD761D6F81F9}.Release|Any CPU.Build.0 = Release|Any CPU
		{5FB46E87-0736-4169-9FCA-7B08F35380B7}.Debug|Any CPU.ActiveCfg = Debug|Any CPU
		{5FB46E87-0736-4169-9FCA-7B08F35380B7}.Debug|Any CPU.Build.0 = Debug|Any CPU
		{5FB46E87-0736-4169-9FCA-7B08F35380B7}.Release|Any CPU.ActiveCfg = Release|Any CPU
		{5FB46E87-0736-4169-9FCA-7B08F35380B7}.Release|Any CPU.Build.0 = Release|Any CPU
		{19437168-5A55-45D4-A07B-0E93944196DF}.Debug|Any CPU.ActiveCfg = Debug|Any CPU
		{19437168-5A55-45D4-A07B-0E93944196DF}.Debug|Any CPU.Build.0 = Debug|Any CPU
		{19437168-5A55-45D4-A07B-0E93944196DF}.Release|Any CPU.ActiveCfg = Release|Any CPU
		{19437168-5A55-45D4-A07B-0E93944196DF}.Release|Any CPU.Build.0 = Release|Any CPU
	EndGlobalSection
EndGlobal
